
Microsoft Visual Studio Solution File, Format Version 12.00
# Visual Studio Version 17
VisualStudioVersion = 17.7.34031.279
MinimumVisualStudioVersion = 10.0.40219.1
Project("{8BC9CEB8-8B4A-11D0-8D11-00A0C91BC942}") = "Lab_12_2_it", "Lab_12_2_it\Lab_12_2_it.vcxproj", "{55B1A3F0-D596-48CB-8840-538356E82ABA}"
EndProject
Project("{8BC9CEB8-8B4A-11D0-8D11-00A0C91BC942}") = "UnitTest1", "UnitTest1\UnitTest1.vcxproj", "{B1A73FC6-E924-4BE8-99FA-F77E6CD26522}"
EndProject
Global
	GlobalSection(SolutionConfigurationPlatforms) = preSolution
		Debug|x64 = Debug|x64
		Debug|x86 = Debug|x86
		Release|x64 = Release|x64
		Release|x86 = Release|x86
	EndGlobalSection
	GlobalSection(ProjectConfigurationPlatforms) = postSolution
		{55B1A3F0-D596-48CB-8840-538356E82ABA}.Debug|x64.ActiveCfg = Debug|x64
		{55B1A3F0-D596-48CB-8840-538356E82ABA}.Debug|x64.Build.0 = Debug|x64
		{55B1A3F0-D596-48CB-8840-538356E82ABA}.Debug|x86.ActiveCfg = Debug|Win32
		{55B1A3F0-D596-48CB-8840-538356E82ABA}.Debug|x86.Build.0 = Debug|Win32
		{55B1A3F0-D596-48CB-8840-538356E82ABA}.Release|x64.ActiveCfg = Release|x64
		{55B1A3F0-D596-48CB-8840-538356E82ABA}.Release|x64.Build.0 = Release|x64
		{55B1A3F0-D596-48CB-8840-538356E82ABA}.Release|x86.ActiveCfg = Release|Win32
		{55B1A3F0-D596-48CB-8840-538356E82ABA}.Release|x86.Build.0 = Release|Win32
		{B1A73FC6-E924-4BE8-99FA-F77E6CD26522}.Debug|x64.ActiveCfg = Debug|x64
		{B1A73FC6-E924-4BE8-99FA-F77E6CD26522}.Debug|x64.Build.0 = Debug|x64
		{B1A73FC6-E924-4BE8-99FA-F77E6CD26522}.Debug|x86.ActiveCfg = Debug|Win32
		{B1A73FC6-E924-4BE8-99FA-F77E6CD26522}.Debug|x86.Build.0 = Debug|Win32
		{B1A73FC6-E924-4BE8-99FA-F77E6CD26522}.Release|x64.ActiveCfg = Release|x64
		{B1A73FC6-E924-4BE8-99FA-F77E6CD26522}.Release|x64.Build.0 = Release|x64
		{B1A73FC6-E924-4BE8-99FA-F77E6CD26522}.Release|x86.ActiveCfg = Release|Win32
		{B1A73FC6-E924-4BE8-99FA-F77E6CD26522}.Release|x86.Build.0 = Release|Win32
	EndGlobalSection
	GlobalSection(SolutionProperties) = preSolution
		HideSolutionNode = FALSE
	EndGlobalSection
	GlobalSection(ExtensibilityGlobals) = postSolution
		SolutionGuid = {1123DBDE-50CD-4992-A0F6-1E75B5E7C3C6}
	EndGlobalSection
EndGlobal
